
Microsoft Visual Studio Solution File, Format Version 12.00
# Visual Studio Version 16
VisualStudioVersion = 16.0.31321.278
MinimumVisualStudioVersion = 10.0.40219.1
Project("{FAE04EC0-301F-11D3-BF4B-00C04F79EFBC}") = "ExFixacao", "ExFixacao\ExFixacao.csproj", "{7E90D4C7-8585-4006-B0E1-DD37176CD113}"
EndProject
Global
	GlobalSection(SolutionConfigurationPlatforms) = preSolution
		Debug|Any CPU = Debug|Any CPU
		Release|Any CPU = Release|Any CPU
	EndGlobalSection
	GlobalSection(ProjectConfigurationPlatforms) = postSolution
		{7E90D4C7-8585-4006-B0E1-DD37176CD113}.Debug|Any CPU.ActiveCfg = Debug|Any CPU
		{7E90D4C7-8585-4006-B0E1-DD37176CD113}.Debug|Any CPU.Build.0 = Debug|Any CPU
		{7E90D4C7-8585-4006-B0E1-DD37176CD113}.Release|Any CPU.ActiveCfg = Release|Any CPU
		{7E90D4C7-8585-4006-B0E1-DD37176CD113}.Release|Any CPU.Build.0 = Release|Any CPU
	EndGlobalSection
	GlobalSection(SolutionProperties) = preSolution
		HideSolutionNode = FALSE
	EndGlobalSection
	GlobalSection(ExtensibilityGlobals) = postSolution
		SolutionGuid = {B2B2349D-DA7D-4772-92BE-1B779542C675}
	EndGlobalSection
EndGlobal
