
Microsoft Visual Studio Solution File, Format Version 12.00
# Visual Studio Version 16
VisualStudioVersion = 16.0.31321.278
MinimumVisualStudioVersion = 10.0.40219.1
Project("{FAE04EC0-301F-11D3-BF4B-00C04F79EFBC}") = "DataTempo", "DateTime\DataTempo.csproj", "{B0F98B29-3821-4449-AE89-A557B0F549E4}"
EndProject
Global
	GlobalSection(SolutionConfigurationPlatforms) = preSolution
		Debug|Any CPU = Debug|Any CPU
		Release|Any CPU = Release|Any CPU
	EndGlobalSection
	GlobalSection(ProjectConfigurationPlatforms) = postSolution
		{B0F98B29-3821-4449-AE89-A557B0F549E4}.Debug|Any CPU.ActiveCfg = Debug|Any CPU
		{B0F98B29-3821-4449-AE89-A557B0F549E4}.Debug|Any CPU.Build.0 = Debug|Any CPU
		{B0F98B29-3821-4449-AE89-A557B0F549E4}.Release|Any CPU.ActiveCfg = Release|Any CPU
		{B0F98B29-3821-4449-AE89-A557B0F549E4}.Release|Any CPU.Build.0 = Release|Any CPU
	EndGlobalSection
	GlobalSection(SolutionProperties) = preSolution
		HideSolutionNode = FALSE
	EndGlobalSection
	GlobalSection(ExtensibilityGlobals) = postSolution
		SolutionGuid = {FE5371F2-60AC-49CD-8B8A-9B51A2B1ECB7}
	EndGlobalSection
EndGlobal
