
Microsoft Visual Studio Solution File, Format Version 12.00
# Visual Studio Version 16
VisualStudioVersion = 16.0.31321.278
MinimumVisualStudioVersion = 10.0.40219.1
Project("{FAE04EC0-301F-11D3-BF4B-00C04F79EFBC}") = "BlocoFinally", "BlocoFinally\BlocoFinally.csproj", "{03789E75-A3F7-4A24-AC7A-AA8D04B6F72E}"
EndProject
Global
	GlobalSection(SolutionConfigurationPlatforms) = preSolution
		Debug|Any CPU = Debug|Any CPU
		Release|Any CPU = Release|Any CPU
	EndGlobalSection
	GlobalSection(ProjectConfigurationPlatforms) = postSolution
		{03789E75-A3F7-4A24-AC7A-AA8D04B6F72E}.Debug|Any CPU.ActiveCfg = Debug|Any CPU
		{03789E75-A3F7-4A24-AC7A-AA8D04B6F72E}.Debug|Any CPU.Build.0 = Debug|Any CPU
		{03789E75-A3F7-4A24-AC7A-AA8D04B6F72E}.Release|Any CPU.ActiveCfg = Release|Any CPU
		{03789E75-A3F7-4A24-AC7A-AA8D04B6F72E}.Release|Any CPU.Build.0 = Release|Any CPU
	EndGlobalSection
	GlobalSection(SolutionProperties) = preSolution
		HideSolutionNode = FALSE
	EndGlobalSection
	GlobalSection(ExtensibilityGlobals) = postSolution
		SolutionGuid = {DDD93708-0C5E-48B6-842B-9B1E9DC88EA0}
	EndGlobalSection
EndGlobal
