
Microsoft Visual Studio Solution File, Format Version 12.00
# Visual Studio Version 16
VisualStudioVersion = 16.0.31321.278
MinimumVisualStudioVersion = 10.0.40219.1
Project("{FAE04EC0-301F-11D3-BF4B-00C04F79EFBC}") = "PropriedadesOperacoesTimeSpan", "PropriedadesOperacoesTimeSpan\PropriedadesOperacoesTimeSpan.csproj", "{A9BDC5D6-AD9C-4545-A1EC-8AA1ABB1D570}"
EndProject
Global
	GlobalSection(SolutionConfigurationPlatforms) = preSolution
		Debug|Any CPU = Debug|Any CPU
		Release|Any CPU = Release|Any CPU
	EndGlobalSection
	GlobalSection(ProjectConfigurationPlatforms) = postSolution
		{A9BDC5D6-AD9C-4545-A1EC-8AA1ABB1D570}.Debug|Any CPU.ActiveCfg = Debug|Any CPU
		{A9BDC5D6-AD9C-4545-A1EC-8AA1ABB1D570}.Debug|Any CPU.Build.0 = Debug|Any CPU
		{A9BDC5D6-AD9C-4545-A1EC-8AA1ABB1D570}.Release|Any CPU.ActiveCfg = Release|Any CPU
		{A9BDC5D6-AD9C-4545-A1EC-8AA1ABB1D570}.Release|Any CPU.Build.0 = Release|Any CPU
	EndGlobalSection
	GlobalSection(SolutionProperties) = preSolution
		HideSolutionNode = FALSE
	EndGlobalSection
	GlobalSection(ExtensibilityGlobals) = postSolution
		SolutionGuid = {2177EEF1-16CE-4661-A093-E4B319DFF550}
	EndGlobalSection
EndGlobal
