
Microsoft Visual Studio Solution File, Format Version 12.00
# Visual Studio Version 16
VisualStudioVersion = 16.0.31321.278
MinimumVisualStudioVersion = 10.0.40219.1
Project("{FAE04EC0-301F-11D3-BF4B-00C04F79EFBC}") = "Heranca", "Heranca\Heranca.csproj", "{CC368526-1D0B-4A41-946B-4D803C2D48C2}"
EndProject
Global
	GlobalSection(SolutionConfigurationPlatforms) = preSolution
		Debug|Any CPU = Debug|Any CPU
		Release|Any CPU = Release|Any CPU
	EndGlobalSection
	GlobalSection(ProjectConfigurationPlatforms) = postSolution
		{CC368526-1D0B-4A41-946B-4D803C2D48C2}.Debug|Any CPU.ActiveCfg = Debug|Any CPU
		{CC368526-1D0B-4A41-946B-4D803C2D48C2}.Debug|Any CPU.Build.0 = Debug|Any CPU
		{CC368526-1D0B-4A41-946B-4D803C2D48C2}.Release|Any CPU.ActiveCfg = Release|Any CPU
		{CC368526-1D0B-4A41-946B-4D803C2D48C2}.Release|Any CPU.Build.0 = Release|Any CPU
	EndGlobalSection
	GlobalSection(SolutionProperties) = preSolution
		HideSolutionNode = FALSE
	EndGlobalSection
	GlobalSection(ExtensibilityGlobals) = postSolution
		SolutionGuid = {862CACEB-BDBD-49F6-BEC8-A7C1A3FE8F2A}
	EndGlobalSection
EndGlobal
