
Microsoft Visual Studio Solution File, Format Version 12.00
# Visual Studio Version 16
VisualStudioVersion = 16.0.31321.278
MinimumVisualStudioVersion = 10.0.40219.1
Project("{FAE04EC0-301F-11D3-BF4B-00C04F79EFBC}") = "SistemaFuncionario", "SistemaFuncionario\SistemaFuncionario.csproj", "{996B59B1-E348-4FDD-AC38-BB18DEC061FF}"
EndProject
Global
	GlobalSection(SolutionConfigurationPlatforms) = preSolution
		Debug|Any CPU = Debug|Any CPU
		Release|Any CPU = Release|Any CPU
	EndGlobalSection
	GlobalSection(ProjectConfigurationPlatforms) = postSolution
		{996B59B1-E348-4FDD-AC38-BB18DEC061FF}.Debug|Any CPU.ActiveCfg = Debug|Any CPU
		{996B59B1-E348-4FDD-AC38-BB18DEC061FF}.Debug|Any CPU.Build.0 = Debug|Any CPU
		{996B59B1-E348-4FDD-AC38-BB18DEC061FF}.Release|Any CPU.ActiveCfg = Release|Any CPU
		{996B59B1-E348-4FDD-AC38-BB18DEC061FF}.Release|Any CPU.Build.0 = Release|Any CPU
	EndGlobalSection
	GlobalSection(SolutionProperties) = preSolution
		HideSolutionNode = FALSE
	EndGlobalSection
	GlobalSection(ExtensibilityGlobals) = postSolution
		SolutionGuid = {D525AD4F-4901-4647-ABC9-569FC628167D}
	EndGlobalSection
EndGlobal
