
Microsoft Visual Studio Solution File, Format Version 12.00
# Visual Studio Version 16
VisualStudioVersion = 16.0.31321.278
MinimumVisualStudioVersion = 10.0.40219.1
Project("{FAE04EC0-301F-11D3-BF4B-00C04F79EFBC}") = "ModificadoresRefeOut", "ModificadoresRefeOut\ModificadoresRefeOut.csproj", "{1339C7A4-E953-44A2-8FA6-04C9527ED116}"
EndProject
Global
	GlobalSection(SolutionConfigurationPlatforms) = preSolution
		Debug|Any CPU = Debug|Any CPU
		Release|Any CPU = Release|Any CPU
	EndGlobalSection
	GlobalSection(ProjectConfigurationPlatforms) = postSolution
		{1339C7A4-E953-44A2-8FA6-04C9527ED116}.Debug|Any CPU.ActiveCfg = Debug|Any CPU
		{1339C7A4-E953-44A2-8FA6-04C9527ED116}.Debug|Any CPU.Build.0 = Debug|Any CPU
		{1339C7A4-E953-44A2-8FA6-04C9527ED116}.Release|Any CPU.ActiveCfg = Release|Any CPU
		{1339C7A4-E953-44A2-8FA6-04C9527ED116}.Release|Any CPU.Build.0 = Release|Any CPU
	EndGlobalSection
	GlobalSection(SolutionProperties) = preSolution
		HideSolutionNode = FALSE
	EndGlobalSection
	GlobalSection(ExtensibilityGlobals) = postSolution
		SolutionGuid = {68498A63-ED8B-40AB-B2E5-F39D20BB2B4C}
	EndGlobalSection
EndGlobal
