
Microsoft Visual Studio Solution File, Format Version 12.00
# Visual Studio Version 16
VisualStudioVersion = 16.0.31321.278
MinimumVisualStudioVersion = 10.0.40219.1
Project("{FAE04EC0-301F-11D3-BF4B-00C04F79EFBC}") = "Lista", "Lista\Lista.csproj", "{49374D91-07D3-4225-893A-583679922777}"
EndProject
Global
	GlobalSection(SolutionConfigurationPlatforms) = preSolution
		Debug|Any CPU = Debug|Any CPU
		Release|Any CPU = Release|Any CPU
	EndGlobalSection
	GlobalSection(ProjectConfigurationPlatforms) = postSolution
		{49374D91-07D3-4225-893A-583679922777}.Debug|Any CPU.ActiveCfg = Debug|Any CPU
		{49374D91-07D3-4225-893A-583679922777}.Debug|Any CPU.Build.0 = Debug|Any CPU
		{49374D91-07D3-4225-893A-583679922777}.Release|Any CPU.ActiveCfg = Release|Any CPU
		{49374D91-07D3-4225-893A-583679922777}.Release|Any CPU.Build.0 = Release|Any CPU
	EndGlobalSection
	GlobalSection(SolutionProperties) = preSolution
		HideSolutionNode = FALSE
	EndGlobalSection
	GlobalSection(ExtensibilityGlobals) = postSolution
		SolutionGuid = {4D812728-7D14-4D1A-B8FA-BDC6C15778AE}
	EndGlobalSection
EndGlobal
