
Microsoft Visual Studio Solution File, Format Version 12.00
# Visual Studio Version 16
VisualStudioVersion = 16.0.31321.278
MinimumVisualStudioVersion = 10.0.40219.1
Project("{FAE04EC0-301F-11D3-BF4B-00C04F79EFBC}") = "Prj_Reserva", "Prj_Reserva\Prj_Reserva.csproj", "{A22C0513-B4CF-41CD-9046-52EA63756B60}"
EndProject
Global
	GlobalSection(SolutionConfigurationPlatforms) = preSolution
		Debug|Any CPU = Debug|Any CPU
		Release|Any CPU = Release|Any CPU
	EndGlobalSection
	GlobalSection(ProjectConfigurationPlatforms) = postSolution
		{A22C0513-B4CF-41CD-9046-52EA63756B60}.Debug|Any CPU.ActiveCfg = Debug|Any CPU
		{A22C0513-B4CF-41CD-9046-52EA63756B60}.Debug|Any CPU.Build.0 = Debug|Any CPU
		{A22C0513-B4CF-41CD-9046-52EA63756B60}.Release|Any CPU.ActiveCfg = Release|Any CPU
		{A22C0513-B4CF-41CD-9046-52EA63756B60}.Release|Any CPU.Build.0 = Release|Any CPU
	EndGlobalSection
	GlobalSection(SolutionProperties) = preSolution
		HideSolutionNode = FALSE
	EndGlobalSection
	GlobalSection(ExtensibilityGlobals) = postSolution
		SolutionGuid = {0F5EE1B3-143E-4252-8E7B-00E240ACEBE3}
	EndGlobalSection
EndGlobal
