
Microsoft Visual Studio Solution File, Format Version 12.00
# Visual Studio Version 16
VisualStudioVersion = 16.0.31321.278
MinimumVisualStudioVersion = 10.0.40219.1
Project("{FAE04EC0-301F-11D3-BF4B-00C04F79EFBC}") = "VisaoGeral", "GitHub_\VisaoGeral.csproj", "{F13E4C72-7B86-4A3F-9425-5D827B3626BE}"
EndProject
Global
	GlobalSection(SolutionConfigurationPlatforms) = preSolution
		Debug|Any CPU = Debug|Any CPU
		Release|Any CPU = Release|Any CPU
	EndGlobalSection
	GlobalSection(ProjectConfigurationPlatforms) = postSolution
		{F13E4C72-7B86-4A3F-9425-5D827B3626BE}.Debug|Any CPU.ActiveCfg = Debug|Any CPU
		{F13E4C72-7B86-4A3F-9425-5D827B3626BE}.Debug|Any CPU.Build.0 = Debug|Any CPU
		{F13E4C72-7B86-4A3F-9425-5D827B3626BE}.Release|Any CPU.ActiveCfg = Release|Any CPU
		{F13E4C72-7B86-4A3F-9425-5D827B3626BE}.Release|Any CPU.Build.0 = Release|Any CPU
	EndGlobalSection
	GlobalSection(SolutionProperties) = preSolution
		HideSolutionNode = FALSE
	EndGlobalSection
	GlobalSection(ExtensibilityGlobals) = postSolution
		SolutionGuid = {6331A3C0-94C8-46C9-A0F7-7886BAFB0A24}
	EndGlobalSection
EndGlobal
