
Microsoft Visual Studio Solution File, Format Version 12.00
# Visual Studio Version 16
VisualStudioVersion = 16.0.31321.278
MinimumVisualStudioVersion = 10.0.40219.1
Project("{9A19103F-16F7-4668-BE54-9A1E7A4F7556}") = "Sb", "StringBuilder1\Sb.csproj", "{7473813F-F4C8-4A14-84E6-3AC88066F770}"
EndProject
Global
	GlobalSection(SolutionConfigurationPlatforms) = preSolution
		Debug|Any CPU = Debug|Any CPU
		Release|Any CPU = Release|Any CPU
	EndGlobalSection
	GlobalSection(ProjectConfigurationPlatforms) = postSolution
		{7473813F-F4C8-4A14-84E6-3AC88066F770}.Debug|Any CPU.ActiveCfg = Debug|Any CPU
		{7473813F-F4C8-4A14-84E6-3AC88066F770}.Debug|Any CPU.Build.0 = Debug|Any CPU
		{7473813F-F4C8-4A14-84E6-3AC88066F770}.Release|Any CPU.ActiveCfg = Release|Any CPU
		{7473813F-F4C8-4A14-84E6-3AC88066F770}.Release|Any CPU.Build.0 = Release|Any CPU
	EndGlobalSection
	GlobalSection(SolutionProperties) = preSolution
		HideSolutionNode = FALSE
	EndGlobalSection
	GlobalSection(ExtensibilityGlobals) = postSolution
		SolutionGuid = {8995970B-08B7-41B2-8297-3D2B7C401561}
	EndGlobalSection
EndGlobal
