
Microsoft Visual Studio Solution File, Format Version 12.00
# Visual Studio Version 16
VisualStudioVersion = 16.0.31321.278
MinimumVisualStudioVersion = 10.0.40219.1
Project("{FAE04EC0-301F-11D3-BF4B-00C04F79EFBC}") = "Prj_Reserva_v2", "Prj_Reserva_v2\Prj_Reserva_v2.csproj", "{D6521099-08F4-4F0A-9603-014819A2B4D7}"
EndProject
Global
	GlobalSection(SolutionConfigurationPlatforms) = preSolution
		Debug|Any CPU = Debug|Any CPU
		Release|Any CPU = Release|Any CPU
	EndGlobalSection
	GlobalSection(ProjectConfigurationPlatforms) = postSolution
		{D6521099-08F4-4F0A-9603-014819A2B4D7}.Debug|Any CPU.ActiveCfg = Debug|Any CPU
		{D6521099-08F4-4F0A-9603-014819A2B4D7}.Debug|Any CPU.Build.0 = Debug|Any CPU
		{D6521099-08F4-4F0A-9603-014819A2B4D7}.Release|Any CPU.ActiveCfg = Release|Any CPU
		{D6521099-08F4-4F0A-9603-014819A2B4D7}.Release|Any CPU.Build.0 = Release|Any CPU
	EndGlobalSection
	GlobalSection(SolutionProperties) = preSolution
		HideSolutionNode = FALSE
	EndGlobalSection
	GlobalSection(ExtensibilityGlobals) = postSolution
		SolutionGuid = {9B00D1DF-40EB-4D8B-BFAC-EA6D08A60662}
	EndGlobalSection
EndGlobal
